
Microsoft Visual Studio Solution File, Format Version 12.00
# Visual Studio Version 16
VisualStudioVersion = 16.0.30717.126
MinimumVisualStudioVersion = 10.0.40219.1
Project("{778DAE3C-4631-46EA-AA77-85C1314464D9}") = "Modul01_HelloWorld", "HelloWorld\Modul01_HelloWorld.vbproj", "{01EC5D5A-5887-4C66-8735-3FC90EA61FBB}"
EndProject
Project("{778DAE3C-4631-46EA-AA77-85C1314464D9}") = "Lab01_MiniRechner", "MiniRechner\Lab01_MiniRechner.vbproj", "{1B97741C-4221-43BA-881B-37127EE2C800}"
EndProject
Project("{778DAE3C-4631-46EA-AA77-85C1314464D9}") = "Modul02.1_Kontrollstrukturen", "Kontrollstrukturen\Modul02.1_Kontrollstrukturen.vbproj", "{017B43EE-2CBE-4CF7-87AB-A469EF6E0515}"
EndProject
Project("{778DAE3C-4631-46EA-AA77-85C1314464D9}") = "Modul02.2_Zufallzahlenraten", "Zufallzahlenraten\Modul02.2_Zufallzahlenraten.vbproj", "{C6B6A915-18A3-46BF-BA6A-75FD214D0B53}"
EndProject
Project("{778DAE3C-4631-46EA-AA77-85C1314464D9}") = "Lab02_Lotto", "Lotto\Lab02_Lotto.vbproj", "{97B2E428-7E92-484B-AA59-CE203BBAE6B6}"
EndProject
Project("{778DAE3C-4631-46EA-AA77-85C1314464D9}") = "Modul03.1_Enumeratoren", "Enumeratoren\Modul03.1_Enumeratoren.vbproj", "{AA92DA16-7207-4ED4-8A4D-CCF150A9E191}"
EndProject
Project("{778DAE3C-4631-46EA-AA77-85C1314464D9}") = "Modul03.2_Methoden", "Methoden\Modul03.2_Methoden.vbproj", "{84C03499-C322-428F-A2C2-A4D25EC3761C}"
EndProject
Project("{778DAE3C-4631-46EA-AA77-85C1314464D9}") = "Lab03_Tachenrechner", "Tachenrechner\Lab03_Tachenrechner.vbproj", "{59D66FA4-E456-4CA8-8961-CC898AA3B8A4}"
EndProject
Project("{778DAE3C-4631-46EA-AA77-85C1314464D9}") = "Fahrzeugpark", "Fahrzeugpark\Fahrzeugpark.vbproj", "{21CFC302-5C56-4000-9527-D2E210711AC5}"
EndProject
Project("{778DAE3C-4631-46EA-AA77-85C1314464D9}") = "TesteFahrzeugpark", "TesteFahrzeugpark\TesteFahrzeugpark.vbproj", "{3769FF29-1DAC-439F-8F52-DA427CB42E1D}"
EndProject
Project("{F184B08F-C81C-45F6-A57F-5ABD9991F28F}") = "WertVSRef", "WertVSRef\WertVSRef.vbproj", "{C6AD2832-A328-4191-BBAE-8D731D5678BB}"
EndProject
Global
	GlobalSection(SolutionConfigurationPlatforms) = preSolution
		Debug|Any CPU = Debug|Any CPU
		Release|Any CPU = Release|Any CPU
	EndGlobalSection
	GlobalSection(ProjectConfigurationPlatforms) = postSolution
		{01EC5D5A-5887-4C66-8735-3FC90EA61FBB}.Debug|Any CPU.ActiveCfg = Debug|Any CPU
		{01EC5D5A-5887-4C66-8735-3FC90EA61FBB}.Debug|Any CPU.Build.0 = Debug|Any CPU
		{01EC5D5A-5887-4C66-8735-3FC90EA61FBB}.Release|Any CPU.ActiveCfg = Release|Any CPU
		{01EC5D5A-5887-4C66-8735-3FC90EA61FBB}.Release|Any CPU.Build.0 = Release|Any CPU
		{1B97741C-4221-43BA-881B-37127EE2C800}.Debug|Any CPU.ActiveCfg = Debug|Any CPU
		{1B97741C-4221-43BA-881B-37127EE2C800}.Debug|Any CPU.Build.0 = Debug|Any CPU
		{1B97741C-4221-43BA-881B-37127EE2C800}.Release|Any CPU.ActiveCfg = Release|Any CPU
		{1B97741C-4221-43BA-881B-37127EE2C800}.Release|Any CPU.Build.0 = Release|Any CPU
		{017B43EE-2CBE-4CF7-87AB-A469EF6E0515}.Debug|Any CPU.ActiveCfg = Debug|Any CPU
		{017B43EE-2CBE-4CF7-87AB-A469EF6E0515}.Debug|Any CPU.Build.0 = Debug|Any CPU
		{017B43EE-2CBE-4CF7-87AB-A469EF6E0515}.Release|Any CPU.ActiveCfg = Release|Any CPU
		{017B43EE-2CBE-4CF7-87AB-A469EF6E0515}.Release|Any CPU.Build.0 = Release|Any CPU
		{C6B6A915-18A3-46BF-BA6A-75FD214D0B53}.Debug|Any CPU.ActiveCfg = Debug|Any CPU
		{C6B6A915-18A3-46BF-BA6A-75FD214D0B53}.Debug|Any CPU.Build.0 = Debug|Any CPU
		{C6B6A915-18A3-46BF-BA6A-75FD214D0B53}.Release|Any CPU.ActiveCfg = Release|Any CPU
		{C6B6A915-18A3-46BF-BA6A-75FD214D0B53}.Release|Any CPU.Build.0 = Release|Any CPU
		{97B2E428-7E92-484B-AA59-CE203BBAE6B6}.Debug|Any CPU.ActiveCfg = Debug|Any CPU
		{97B2E428-7E92-484B-AA59-CE203BBAE6B6}.Debug|Any CPU.Build.0 = Debug|Any CPU
		{97B2E428-7E92-484B-AA59-CE203BBAE6B6}.Release|Any CPU.ActiveCfg = Release|Any CPU
		{97B2E428-7E92-484B-AA59-CE203BBAE6B6}.Release|Any CPU.Build.0 = Release|Any CPU
		{AA92DA16-7207-4ED4-8A4D-CCF150A9E191}.Debug|Any CPU.ActiveCfg = Debug|Any CPU
		{AA92DA16-7207-4ED4-8A4D-CCF150A9E191}.Debug|Any CPU.Build.0 = Debug|Any CPU
		{AA92DA16-7207-4ED4-8A4D-CCF150A9E191}.Release|Any CPU.ActiveCfg = Release|Any CPU
		{AA92DA16-7207-4ED4-8A4D-CCF150A9E191}.Release|Any CPU.Build.0 = Release|Any CPU
		{84C03499-C322-428F-A2C2-A4D25EC3761C}.Debug|Any CPU.ActiveCfg = Debug|Any CPU
		{84C03499-C322-428F-A2C2-A4D25EC3761C}.Debug|Any CPU.Build.0 = Debug|Any CPU
		{84C03499-C322-428F-A2C2-A4D25EC3761C}.Release|Any CPU.ActiveCfg = Release|Any CPU
		{84C03499-C322-428F-A2C2-A4D25EC3761C}.Release|Any CPU.Build.0 = Release|Any CPU
		{59D66FA4-E456-4CA8-8961-CC898AA3B8A4}.Debug|Any CPU.ActiveCfg = Debug|Any CPU
		{59D66FA4-E456-4CA8-8961-CC898AA3B8A4}.Debug|Any CPU.Build.0 = Debug|Any CPU
		{59D66FA4-E456-4CA8-8961-CC898AA3B8A4}.Release|Any CPU.ActiveCfg = Release|Any CPU
		{59D66FA4-E456-4CA8-8961-CC898AA3B8A4}.Release|Any CPU.Build.0 = Release|Any CPU
		{21CFC302-5C56-4000-9527-D2E210711AC5}.Debug|Any CPU.ActiveCfg = Debug|Any CPU
		{21CFC302-5C56-4000-9527-D2E210711AC5}.Debug|Any CPU.Build.0 = Debug|Any CPU
		{21CFC302-5C56-4000-9527-D2E210711AC5}.Release|Any CPU.ActiveCfg = Release|Any CPU
		{21CFC302-5C56-4000-9527-D2E210711AC5}.Release|Any CPU.Build.0 = Release|Any CPU
		{3769FF29-1DAC-439F-8F52-DA427CB42E1D}.Debug|Any CPU.ActiveCfg = Debug|Any CPU
		{3769FF29-1DAC-439F-8F52-DA427CB42E1D}.Debug|Any CPU.Build.0 = Debug|Any CPU
		{3769FF29-1DAC-439F-8F52-DA427CB42E1D}.Release|Any CPU.ActiveCfg = Release|Any CPU
		{3769FF29-1DAC-439F-8F52-DA427CB42E1D}.Release|Any CPU.Build.0 = Release|Any CPU
		{C6AD2832-A328-4191-BBAE-8D731D5678BB}.Debug|Any CPU.ActiveCfg = Debug|Any CPU
		{C6AD2832-A328-4191-BBAE-8D731D5678BB}.Debug|Any CPU.Build.0 = Debug|Any CPU
		{C6AD2832-A328-4191-BBAE-8D731D5678BB}.Release|Any CPU.ActiveCfg = Release|Any CPU
		{C6AD2832-A328-4191-BBAE-8D731D5678BB}.Release|Any CPU.Build.0 = Release|Any CPU
	EndGlobalSection
	GlobalSection(SolutionProperties) = preSolution
		HideSolutionNode = FALSE
	EndGlobalSection
	GlobalSection(ExtensibilityGlobals) = postSolution
		SolutionGuid = {4212ADCA-75E6-46B6-B5C4-CF6BB3A42231}
	EndGlobalSection
EndGlobal
